golang.org/x/crypto v0.55.0 h1:+KWHjbgOaAQ66dh/YlkZKHlz9ZUlq61AFirAR9ntP8M=
golang.org/x/crypto v0.55.0/go.mod h1:uq0V9dE/fzQuJtbnL+2EhWOE63vo164FY8xqEnV9xis=
webtyp.com/base64 v0.0.6 h1:Tkr9Y/s3RLa6yuatk5Tdwdc90NhDP6pNYO1HQG9iIHM=
webtyp.com/base64 v0.0.6/go.mod h1:wH2ocJ0rKbTo34XLsDryH9STDu0Jm2gQXasjh5wDwEw=
webtyp.com/crypto v0.0.27 h1:BJk4bGaVFJQ7nX8PBOVxkZLO6gNh4qmxAi5TBIlWZJ0=
webtyp.com/crypto v0.0.27/go.mod h1:fzOf/qgQamYD2juv8fCGqWpiUKX8Pm0B+LplyAHFWnI=
webtyp.com/ddl v0.0.17 h1:wJvTIdaz+eWLZSOrsSuAebI4UzCug0gBgwdZS+zr2oI=
webtyp.com/ddl v0.0.17/go.mod h1:3paof90s8AaNThOhoxtSbBJtSF5AHpgFk3tp8U2DtMU=
webtyp.com/events v0.0.5 h1:FZDdUDm/QocRpEfENZ0LTU6R+Rj4LBwXfPLcycUPW5o=
webtyp.com/events v0.0.5/go.mod h1:r+ZG3Robb7hq3+vJFv9btYtEg8AHpLrV9MHc4VVddQo=
webtyp.com/fetch v0.1.28 h1:Tb8NUBp/5tLWI22U0lg/YPrR1hJtR05a8VUC5UrXyns=
webtyp.com/fetch v0.1.28/go.mod h1:ZX35mkKiyfjnJE9Ix9N+IT1ebFRTLm2fKbU0+eZ2XlA=
webtyp.com/fmt v1.0.0 h1:W0vMMGC6ezg1q2LarAEaVnNvZ26hVqzZdQQH1wcNogM=
webtyp.com/fmt v1.0.0/go.mod h1:FmTxx713R45J21kbH5JOmKGaaCap3fJPA9Yl2n4Ch7U=
webtyp.com/input v0.0.9 h1:M9Ccd0YtaqPuLZI2LeuVZfl1NyA3i4VvSUFBQWfRz8s=
webtyp.com/input v0.0.9/go.mod h1:G4oOhJLm3Lvp4JVIhMs0LzGnFM0GC+b7rbmS15djQ2I=
webtyp.com/json v0.5.26 h1:/uBKnnJNcC1DkrmHex+Q8bNTXHGjly8KxwaHQ6IGdQs=
webtyp.com/json v0.5.26/go.mod h1:kIAtefqg9B8tHtYWelE6PAtpBILwuV61+9n+2bU/lxw=
webtyp.com/jwt v0.1.20 h1:L2U8Vxz0oIbbaRGHJ0H09Gpeg6/U8294r7NY3ndFq1s=
webtyp.com/jwt v0.1.20/go.mod h1:ENB/9DSuFxVGw6O/v9J9rwY5iM+lQa2I6cdM502pYn8=
webtyp.com/model v0.2.0 h1:fhnpWAxT2ss0bQ05uoVA+ZclEvHcRHwHn/pWH31dj0w=
webtyp.com/model v0.2.0/go.mod h1:OkyYeE3GOG8eAQGhd9wVsORAhr+xYj3q8avpoGXG25c=
webtyp.com/orm v0.12.4 h1:BL2wJo8MWSavpuyTYp7UKoJPyOb8tmiE8D98sK75xA8=
webtyp.com/orm v0.12.4/go.mod h1:aad8/2kEG1kN3Pnwy8Hd/CxI/bXXV+xnXYlqcyRm82Y=
webtyp.com/router v0.1.41 h1:3SAnXTgiFr3FUBpwceLnLbj3zHSjVoJQ2QbGG6HlCpA=
webtyp.com/router v0.1.41/go.mod h1:vq9bDpR18oNflHXZmbE2IOlGduRJqPugKDWe2mm6nk4=
webtyp.com/storage v0.1.0 h1:ikiUvWclQ+CvYr+CjRMaBeqtz0a3RvWJiTSfnaaeLgs=
webtyp.com/storage v0.1.0/go.mod h1:mh9CB3BbNXGvw+oNBJlUNOpBQ5dMZAS1gAFQamq7H2k=
webtyp.com/time v0.5.6 h1:tvCPy2b01ZJNhaM7XYB5Ta+07rHbB9a2LZnAphg+zoQ=
webtyp.com/time v0.5.6/go.mod h1:V6ew493Rk+an2mV77vVjytPAbtlsELVZ4O4wGqu4tUI=
webtyp.com/user v0.3.13 h1:yVmwB4iKTodM0WgrdOCo4Vpf/xEhlNSfq1A9BiZrXZA=
webtyp.com/user v0.3.13/go.mod h1:WNs961oB0Bhc/S/rQy5mqO48kMrpad/JpIl5LJF33VI=
webtyp.com/view v0.6.2 h1:vE3fDNBgaD/uZaNcDHA4DNrARRla8geq+KTP2KcIj1k=
webtyp.com/view v0.6.2/go.mod h1:98pVB7iYG772Lkjk0NeR4TmFCArXq5K6XD5KXT0cnJk=
