github.com/dustin/go-humanize v1.0.1 h1:GzkhY7T5VNhEkwH0PVJgjz+fX1rhBrR7pRT3mDkpeCY=
github.com/dustin/go-humanize v1.0.1/go.mod h1:Mu1zIs6XwVuF/gI1OepvI0qD18qycQx+mFykh5fBlto=
github.com/google/pprof v0.0.0-20260802141513-ef3492d7dac3 h1:LMLX+LgTNWpfvCBdFebv6EsYotImrt/Ppc5cXIriCSo=
github.com/google/pprof v0.0.0-20260802141513-ef3492d7dac3/go.mod h1:jl5iWTm0/hd5PjEYEOuwAJ57L/CibdZfrqZ5XA5GrCk=
github.com/google/uuid v1.6.0 h1:NIvaJDMOsjHA8n1jAhLSgzrAzy1Hgr+hNrb57e+94F0=
github.com/google/uuid v1.6.0/go.mod h1:TIyPZe4MgqvfeYDBFedMoGGpEw/LqOeaOT+nhxU+yHo=
github.com/hashicorp/golang-lru/v2 v2.0.7 h1:a+bsQ5rvGLjzHuww6tVxozPZFVghXaHOwFs4luLUK2k=
github.com/hashicorp/golang-lru/v2 v2.0.7/go.mod h1:QeFd9opnmA6QUJc5vARoKUSoFhyfM2/ZepoAG6RGpeM=
github.com/jessevdk/go-flags v1.4.0/go.mod h1:4FA24M0QyGHXBuZZK/XkWh8h0e1EYbRYJSGM75WSRxI=
github.com/mattn/go-isatty v0.0.24 h1:tGZZoVgT/KiqK1c8ocVLeDS8BSWMRd47J3Lbz7vsReI=
github.com/mattn/go-isatty v0.0.24/go.mod h1:nMCL3Zebbrt45jsMDgnfIwz6ydEQApk5oEI3HqDio6A=
github.com/ncruces/go-strftime v1.0.0 h1:HMFp8mLCTPp341M/ZnA4qaf7ZlsbTc+miZjCLOFAw7w=
github.com/ncruces/go-strftime v1.0.0/go.mod h1:Fwc5htZGVVkseilnfgOVb9mKy6w1naJmn9CehxcKcls=
github.com/remyoudompheng/bigfft v0.0.0-20230129092748-24d4a6f8daec h1:W09IVJc94icq4NjY3clb7Lk8O1qJ8BdBEF8z0ibU0rE=
github.com/remyoudompheng/bigfft v0.0.0-20230129092748-24d4a6f8daec/go.mod h1:qqbHyh8v60DhA7CoWK5oRCqLrMHRGoxYCSS9EjAz6Eo=
github.com/smallstep/truststore v0.13.0 h1:90if9htAOblavbMeWlqNLnO9bsjjgVv2hQeQJCi/py4=
github.com/smallstep/truststore v0.13.0/go.mod h1:3tmMp2aLKZ/OA/jnFUB0cYPcho402UG2knuJoPh4j7A=
github.com/tinywasm/base64 v0.0.5 h1:OuRGCuJrUzqo15jtotxs9PKL0mLuZmRHL6heUFaZZE4=
github.com/tinywasm/base64 v0.0.5/go.mod h1:p6s8iOD4F6s6smO80R3bYd8ZGZQxXCBt+5KxFQ4vCHU=
github.com/tinywasm/crypto v0.0.26 h1:ZAFsSzmkrnqOH9irx5sV8j2geomQrhs/mRTbUhyCqJk=
github.com/tinywasm/crypto v0.0.26/go.mod h1:LITXqjmbO3r2rECQ48DE8yzwXqAJhQLTbfbtX3RkN38=
github.com/tinywasm/ddl v0.0.12 h1:vIX4BdWyxgX9rxzXONerFjf9es60S+pqbFFc0yiMJQ8=
github.com/tinywasm/ddl v0.0.12/go.mod h1:xY1lGWWzKq8wFecGzkz2bjBud5fE1yDp9kBa1dzYqns=
github.com/tinywasm/dom v0.13.9 h1:PM5ANncdQwbUH7sBb86sNIeGmy8eC41ssA+T+K0AB0s=
github.com/tinywasm/dom v0.13.9/go.mod h1:e8Na6YcSBCjj6mrDhHqPI5rDPMJtEhzhiDVxv4jIgWU=
github.com/tinywasm/events v0.0.2 h1:v9aQnj06ZGXcYVrkdAzDFXTYO5Dv4J8t13IBJNZVDg4=
github.com/tinywasm/events v0.0.2/go.mod h1:ybWdxV/2Vjru9SmT0Oa7O07K/Y7KtxB3f7Z72wt50Ao=
github.com/tinywasm/fetch v0.1.27 h1:9otW/CJFS3q1wj04usrnQARPNRGrnlTwqIaBapc3Fjo=
github.com/tinywasm/fetch v0.1.27/go.mod h1:aGbh0NTtN0Tfk+U0v67KBt5JyyFmSU4zrCbQJv3XiAM=
github.com/tinywasm/fmt v0.25.7 h1:Rju5B7LfrGu2QOA0L5IN0Cb9NwH5h8afGbawnF59Mec=
github.com/tinywasm/fmt v0.25.7/go.mod h1:2Y4hlsQxqVsZ5z9vQL5XQbEzLQtQOr1Bhp44nPGfydA=
github.com/tinywasm/form v0.4.0 h1:Y75ZHj3JRAr0SseIDAC7WZt37DqgBtsdwjO/okdllsQ=
github.com/tinywasm/form v0.4.0/go.mod h1:uUPWkDI9jXlIQCd0NJCfM5ewi8duwmMI3vYu0cQKp9Y=
github.com/tinywasm/input v0.0.5 h1:u02ucpXRGUXvJywNWTIXAgbW6X9PB2VanXMN8gk9pHQ=
github.com/tinywasm/input v0.0.5/go.mod h1:0VTX3rWwHh76xyF6ZXBcwS63SFFyv7AkMHlAJaj5ei4=
github.com/tinywasm/json v0.5.23 h1:mhD385PI5oMxhOvXU+0lApfMmiq7e739WUtvs20hneI=
github.com/tinywasm/json v0.5.23/go.mod h1:Fvggb9gLu5IuAFfmLlPTg2oGI++790mqWzQquJSU22s=
github.com/tinywasm/jwt v0.1.18 h1:EgVl9RzGRmGbsbeSj9LaLXy0vqT+rxSrGqzp1puF+q8=
github.com/tinywasm/jwt v0.1.18/go.mod h1:Z4dYI3Z2XYjmncTv6L5SRhK7ROKvRRq78xQjN1bSrjA=
github.com/tinywasm/model v0.1.7 h1:uDhFLmF/lr4IqFfFX22Kpw0RvVbMr2SH+P9K5l+Khr8=
github.com/tinywasm/model v0.1.7/go.mod h1:kMRzuf72yzUh2k9CCA9Yn/FEGs4gTjW7FsyCvlo9HwU=
github.com/tinywasm/orm v0.12.0 h1:uvmqvRtg8jSbgFglG4uh8lM5zDFyHqUK0YhuwFWMBI0=
github.com/tinywasm/orm v0.12.0/go.mod h1:tyf7QQLRiER6Yv0HddNI+UkiR18J1UJ6U2XlguONHzI=
github.com/tinywasm/router v0.1.30 h1:KuXhDkGjYFTpfWC3oXjeFsjaisusd/R15n2r2l2AMiY=
github.com/tinywasm/router v0.1.30/go.mod h1:kvKqXx3SyVyQ9ZjmDNOISkvz4sXrnhttB7EkaZBAuAo=
github.com/tinywasm/server v0.2.43 h1:r8B2pxQCSNQbu/CFMob3uLeEVRlMI6XLn/kkTu+DOqI=
github.com/tinywasm/server v0.2.43/go.mod h1:tN+8b4BNrlWT2HUU8/MMrfGR9bKsXPERaTUC68NuMSc=
github.com/tinywasm/sqlite v0.3.2 h1:n0ET3Z+zCzu1aF0wV83X0+tYwsRZ08xWmVGi3WG67sc=
github.com/tinywasm/sqlite v0.3.2/go.mod h1:j6LyHsD3FqwJExmZfrhNoQ7A7wXCeTqzY04FvDcIkro=
github.com/tinywasm/sqlt v0.0.8 h1:yu+9e/4djfTqkC53x5iyzJBBGcoFKvafYDtWv3J08s0=
github.com/tinywasm/sqlt v0.0.8/go.mod h1:03pCtZV/rlsb0BiF3OfbX/pNGM7DRiWincYyD+c6uDA=
github.com/tinywasm/storage v0.0.6 h1:oVq7M2DtgOAbVaforOfqldMJanuXXCWSzGPFuLREWmo=
github.com/tinywasm/storage v0.0.6/go.mod h1:C0aOrbutiiLKSL1WLc5hvAiEB4+v0BLh0Jv+W07YxzQ=
github.com/tinywasm/time v0.5.4 h1:nviU/+9lPVqHCG3Mm3HBsOf6gzqVMuLRNwSRRJ4q53c=
github.com/tinywasm/time v0.5.4/go.mod h1:RABMkj8o9XWRqudww/2RWt/QQe25IzSS6kEG6z9S/Ro=
github.com/tinywasm/unixid v0.2.26 h1:eU5VLSegyf9Np6dtbQssI5MVkU914cZyfTI4KnmAyOw=
github.com/tinywasm/unixid v0.2.26/go.mod h1:wh1FAR4GDFpPoVcMiUQH2VYsIdxByEN44Rge3vTCo7k=
github.com/tinywasm/user v0.3.11 h1:mLeTAMjA8eyyZMx/YnHbbYKHTVqdxCOqulaKaXWje5c=
github.com/tinywasm/user v0.3.11/go.mod h1:PjZ7XduFeDUz+S72ss5A2v+6NOP7BsVU/kxPImqxHfE=
github.com/tinywasm/view v0.5.1 h1:QIfVMvh/P767etZ2Qep1drVWPL6/VFtEfXPLTCm/aPA=
github.com/tinywasm/view v0.5.1/go.mod h1:b044/Rh83uqZu2DBsVVOmgigFxrOGy+58xL3iiO6lt8=
github.com/tinywasm/widget v0.6.23 h1:nlOV20f9Lqx0yagib1FmG9SBvSSZG2sxcWOeU304QIg=
github.com/tinywasm/widget v0.6.23/go.mod h1:N5/Jn8rjBPt51Sdes8E6F+WtqD7O9pvPgdzVVood4iY=
golang.org/x/crypto v0.55.0 h1:+KWHjbgOaAQ66dh/YlkZKHlz9ZUlq61AFirAR9ntP8M=
golang.org/x/crypto v0.55.0/go.mod h1:uq0V9dE/fzQuJtbnL+2EhWOE63vo164FY8xqEnV9xis=
golang.org/x/mod v0.38.0 h1:MECBjubtXD7yj4HrhIUcywNaGeNVUdfVnxmPajOk4yk=
golang.org/x/mod v0.38.0/go.mod h1:V6Xz0pq8TQ3dGqVQ1FVHuelZpAL0uNhSkk9ogYP3c40=
golang.org/x/net v0.57.0 h1:K5+3DljvIuDG9/Jv9rvyMywYNFCQ9RSUY6OOTTkT+tE=
golang.org/x/net v0.57.0/go.mod h1:KpXc8iv+r3XplLAG/f7Jsf9RPszJzdR0f58q9vGOuEU=
golang.org/x/sync v0.22.0 h1:SZjpbeLmrCk4xhRSZFNZW5gFUeCeFgjekvI/+gfScek=
golang.org/x/sync v0.22.0/go.mod h1:9xrNwdLfx4jkKbNva9FpL6vEN7evnE43NNNJQ2LF3+0=
golang.org/x/sys v0.47.0 h1:o7XGOvZQCADBQQ4Y7VNq2dRWQR7JmOUW8Kxx4ZsNgWs=
golang.org/x/sys v0.47.0/go.mod h1:4GL1E5IUh+htKOUEOaiffhrAeqysfVGipDYzABqnCmw=
golang.org/x/text v0.41.0 h1:vz/seA0lnX87Othu2f/0L24RcgrXD9/YFTSuGjj3rH8=
golang.org/x/text v0.41.0/go.mod h1:jvf1O8ajNzZqhSrQBPbutR/EB83Cc0CFrezNQIwbb5M=
golang.org/x/tools v0.48.0 h1:3+hClM1aLL5mjMKm5ovokw9epgRXPuu2tILgismM6RE=
golang.org/x/tools v0.48.0/go.mod h1:08xX0orndb/F7jJxGDicx061tyd5pcMto75YMAXr6lk=
gopkg.in/check.v1 v0.0.0-20161208181325-20d25e280405/go.mod h1:Co6ibVJAznAaIkqp8huTwlJQCZ016jof/cbN4VW5Yz0=
gopkg.in/yaml.v1 v1.0.0-20140924161607-9f9df34309c0/go.mod h1:WDnlLJ4WF5VGsH/HVa3CI79GS0ol3YnhVnKP89i0kNg=
howett.net/plist v1.0.0 h1:7CrbWYbPPO/PyNy38b2EB/+gYbjCe2DXBxgtOOZbSQM=
howett.net/plist v1.0.0/go.mod h1:lqaXoTrLY4hg8tnEzNru53gicrbv7rrk+2xJA/7hw9g=
modernc.org/cc/v4 v4.29.1 h1:MKgdCV3WykTSPqpVrnxdEDS0HEd2FHpKZDzxzU5LyeI=
modernc.org/cc/v4 v4.29.1/go.mod h1:OnovgIhbbMXMu1aISnJ0wvVD1KnW+cAUJkIrAWh+kVI=
modernc.org/ccgo/v4 v4.34.6 h1:sBgfIwyN0TQ9C5hwIeuqyeAKyMWnbvj2fvpF4L11uzU=
modernc.org/ccgo/v4 v4.34.6/go.mod h1:SZ8YcN9NG7XVsQYdm6jYBvi8PQP1qi+kqB6OhjqI3Fk=
modernc.org/fileutil v1.4.0 h1:j6ZzNTftVS054gi281TyLjHPp6CPHr2KCxEXjEbD6SM=
modernc.org/fileutil v1.4.0/go.mod h1:EqdKFDxiByqxLk8ozOxObDSfcVOv/54xDs/DUHdvCUU=
modernc.org/gc/v2 v2.6.5 h1:nyqdV8q46KvTpZlsw66kWqwXRHdjIlJOhG6kxiV/9xI=
modernc.org/gc/v2 v2.6.5/go.mod h1:YgIahr1ypgfe7chRuJi2gD7DBQiKSLMPgBQe9oIiito=
modernc.org/gc/v3 v3.1.4 h1:2g65LGVSmFQrXeITAw97x7hCRvZFcyE1uDP+7Vng7JI=
modernc.org/gc/v3 v3.1.4/go.mod h1:HFK/6AGESC7Ex+EZJhJ2Gni6cTaYpSMmU/cT9RmlfYY=
modernc.org/goabi0 v0.2.0 h1:HvEowk7LxcPd0eq6mVOAEMai46V+i7Jrj13t4AzuNks=
modernc.org/goabi0 v0.2.0/go.mod h1:CEFRnnJhKvWT1c1JTI3Avm+tgOWbkOu5oPA8eH8LnMI=
modernc.org/libc v1.74.4 h1:fX1Omw4o2/1C2iRkkIsrQTasJQldLhRmuPreXLoWs9k=
modernc.org/libc v1.74.4/go.mod h1:eeQAS9W3sZeKYMFubydxJpII9ybHWshk+7or7bLG9co=
modernc.org/mathutil v1.7.1 h1:GCZVGXdaN8gTqB1Mf/usp1Y/hSqgI2vAGGP4jZMCxOU=
modernc.org/mathutil v1.7.1/go.mod h1:4p5IwJITfppl0G4sUEDtCr4DthTaT47/N3aT6MhfgJg=
modernc.org/memory v1.11.0 h1:o4QC8aMQzmcwCK3t3Ux/ZHmwFPzE6hf2Y5LbkRs+hbI=
modernc.org/memory v1.11.0/go.mod h1:/JP4VbVC+K5sU2wZi9bHoq2MAkCnrt2r98UGeSK7Mjw=
modernc.org/opt v0.2.0 h1:tGyef5ApycA7FSEOMraay9SaTk5zmbx7Tu+cJs4QKZg=
modernc.org/opt v0.2.0/go.mod h1:03fq9lsNfvkYSfxrfUhZCWPk1lm4cq4N+Bh//bEtgns=
modernc.org/sortutil v1.2.1 h1:+xyoGf15mM3NMlPDnFqrteY07klSFxLElE2PVuWIJ7w=
modernc.org/sortutil v1.2.1/go.mod h1:7ZI3a3REbai7gzCLcotuw9AC4VZVpYMjDzETGsSMqJE=
modernc.org/sqlite v1.57.0 h1:qNQP6xnx5M0ISNtlnxoOX0+cD5bJ0/gr9aMmndFczzg=
modernc.org/sqlite v1.57.0/go.mod h1:yCJ2cmAaIkHQ25oXWrF8H4O1lIfPYPR26yCEDj2P3pQ=
modernc.org/strutil v1.2.1 h1:UneZBkQA+DX2Rp35KcM69cSsNES9ly8mQWD71HKlOA0=
modernc.org/strutil v1.2.1/go.mod h1:EHkiggD70koQxjVdSBM3JKM7k6L0FbGE5eymy9i3B9A=
modernc.org/token v1.1.0 h1:Xl7Ap9dKaEs5kLoOQeQmPWevfnk/DM5qcLcYlA8ys6Y=
modernc.org/token v1.1.0/go.mod h1:UGzOrNV1mAFSEB63lOFHIpNRUVMvYTc6yu1SMY/XTDM=
